
Microsoft Visual Studio Solution File, Format Version 12.00
# Visual Studio 15
VisualStudioVersion = 15.0.28307.572
MinimumVisualStudioVersion = 10.0.40219.1
Project("{FAE04EC0-301F-11D3-BF4B-00C04F79EFBC}") = "BuildTestApp.Android", "BuildTestApp\BuildTestApp.Android\BuildTestApp.Android.csproj", "{EFD9D9F9-1AA8-4F2D-BF51-9A698F75A4A1}"
EndProject
Project("{FAE04EC0-301F-11D3-BF4B-00C04F79EFBC}") = "BuildTestApp.iOS", "BuildTestApp\BuildTestApp.iOS\BuildTestApp.iOS.csproj", "{C4A69FA2-6480-43CE-A9A9-D1B96261CCE8}"
EndProject
Project("{FAE04EC0-301F-11D3-BF4B-00C04F79EFBC}") = "BuildTestApp", "BuildTestApp\BuildTestApp\BuildTestApp.csproj", "{D8360682-6123-46EB-AAD1-900BB267D137}"
EndProject
Global
	GlobalSection(SolutionConfigurationPlatforms) = preSolution
		Ad-Hoc|Any CPU = Ad-Hoc|Any CPU
		Ad-Hoc|iPhone = Ad-Hoc|iPhone
		Ad-Hoc|iPhoneSimulator = Ad-Hoc|iPhoneSimulator
		AppStore|Any CPU = AppStore|Any CPU
		AppStore|iPhone = AppStore|iPhone
		AppStore|iPhoneSimulator = AppStore|iPhoneSimulator
		Debug|Any CPU = Debug|Any CPU
		Debug|iPhone = Debug|iPhone
		Debug|iPhoneSimulator = Debug|iPhoneSimulator
		Release|Any CPU = Release|Any CPU
		Release|iPhone = Release|iPhone
		Release|iPhoneSimulator = Release|iPhoneSimulator
	EndGlobalSection
	GlobalSection(ProjectConfigurationPlatforms) = postSolution
		{EFD9D9F9-1AA8-4F2D-BF51-9A698F75A4A1}.Ad-Hoc|Any CPU.ActiveCfg = Release|Any CPU
		{EFD9D9F9-1AA8-4F2D-BF51-9A698F75A4A1}.Ad-Hoc|Any CPU.Build.0 = Release|Any CPU
		{EFD9D9F9-1AA8-4F2D-BF51-9A698F75A4A1}.Ad-Hoc|Any CPU.Deploy.0 = Release|Any CPU
		{EFD9D9F9-1AA8-4F2D-BF51-9A698F75A4A1}.Ad-Hoc|iPhone.ActiveCfg = Release|Any CPU
		{EFD9D9F9-1AA8-4F2D-BF51-9A698F75A4A1}.Ad-Hoc|iPhone.Build.0 = Release|Any CPU
		{EFD9D9F9-1AA8-4F2D-BF51-9A698F75A4A1}.Ad-Hoc|iPhone.Deploy.0 = Release|Any CPU
		{EFD9D9F9-1AA8-4F2D-BF51-9A698F75A4A1}.Ad-Hoc|iPhoneSimulator.ActiveCfg = Release|Any CPU
		{EFD9D9F9-1AA8-4F2D-BF51-9A698F75A4A1}.Ad-Hoc|iPhoneSimulator.Build.0 = Release|Any CPU
		{EFD9D9F9-1AA8-4F2D-BF51-9A698F75A4A1}.Ad-Hoc|iPhoneSimulator.Deploy.0 = Release|Any CPU
		{EFD9D9F9-1AA8-4F2D-BF51-9A698F75A4A1}.AppStore|Any CPU.ActiveCfg = Release|Any CPU
		{EFD9D9F9-1AA8-4F2D-BF51-9A698F75A4A1}.AppStore|Any CPU.Build.0 = Release|Any CPU
		{EFD9D9F9-1AA8-4F2D-BF51-9A698F75A4A1}.AppStore|Any CPU.Deploy.0 = Release|Any CPU
		{EFD9D9F9-1AA8-4F2D-BF51-9A698F75A4A1}.AppStore|iPhone.ActiveCfg = Release|Any CPU
		{EFD9D9F9-1AA8-4F2D-BF51-9A698F75A4A1}.AppStore|iPhone.Build.0 = Release|Any CPU
		{EFD9D9F9-1AA8-4F2D-BF51-9A698F75A4A1}.AppStore|iPhone.Deploy.0 = Release|Any CPU
		{EFD9D9F9-1AA8-4F2D-BF51-9A698F75A4A1}.AppStore|iPhoneSimulator.ActiveCfg = Release|Any CPU
		{EFD9D9F9-1AA8-4F2D-BF51-9A698F75A4A1}.AppStore|iPhoneSimulator.Build.0 = Release|Any CPU
		{EFD9D9F9-1AA8-4F2D-BF51-9A698F75A4A1}.AppStore|iPhoneSimulator.Deploy.0 = Release|Any CPU
		{EFD9D9F9-1AA8-4F2D-BF51-9A698F75A4A1}.Debug|Any CPU.ActiveCfg = Debug|Any CPU
		{EFD9D9F9-1AA8-4F2D-BF51-9A698F75A4A1}.Debug|Any CPU.Build.0 = Debug|Any CPU
		{EFD9D9F9-1AA8-4F2D-BF51-9A698F75A4A1}.Debug|Any CPU.Deploy.0 = Debug|Any CPU
		{EFD9D9F9-1AA8-4F2D-BF51-9A698F75A4A1}.Debug|iPhone.ActiveCfg = Debug|Any CPU
		{EFD9D9F9-1AA8-4F2D-BF51-9A698F75A4A1}.Debug|iPhone.Build.0 = Debug|Any CPU
		{EFD9D9F9-1AA8-4F2D-BF51-9A698F75A4A1}.Debug|iPhone.Deploy.0 = Debug|Any CPU
		{EFD9D9F9-1AA8-4F2D-BF51-9A698F75A4A1}.Debug|iPhoneSimulator.ActiveCfg = Debug|Any CPU
		{EFD9D9F9-1AA8-4F2D-BF51-9A698F75A4A1}.Debug|iPhoneSimulator.Build.0 = Debug|Any CPU
		{EFD9D9F9-1AA8-4F2D-BF51-9A698F75A4A1}.Debug|iPhoneSimulator.Deploy.0 = Debug|Any CPU
		{EFD9D9F9-1AA8-4F2D-BF51-9A698F75A4A1}.Release|Any CPU.ActiveCfg = Release|Any CPU
		{EFD9D9F9-1AA8-4F2D-BF51-9A698F75A4A1}.Release|Any CPU.Build.0 = Release|Any CPU
		{EFD9D9F9-1AA8-4F2D-BF51-9A698F75A4A1}.Release|Any CPU.Deploy.0 = Release|Any CPU
		{EFD9D9F9-1AA8-4F2D-BF51-9A698F75A4A1}.Release|iPhone.ActiveCfg = Release|Any CPU
		{EFD9D9F9-1AA8-4F2D-BF51-9A698F75A4A1}.Release|iPhone.Build.0 = Release|Any CPU
		{EFD9D9F9-1AA8-4F2D-BF51-9A698F75A4A1}.Release|iPhone.Deploy.0 = Release|Any CPU
		{EFD9D9F9-1AA8-4F2D-BF51-9A698F75A4A1}.Release|iPhoneSimulator.ActiveCfg = Release|Any CPU
		{EFD9D9F9-1AA8-4F2D-BF51-9A698F75A4A1}.Release|iPhoneSimulator.Build.0 = Release|Any CPU
		{EFD9D9F9-1AA8-4F2D-BF51-9A698F75A4A1}.Release|iPhoneSimulator.Deploy.0 = Release|Any CPU
		{C4A69FA2-6480-43CE-A9A9-D1B96261CCE8}.Ad-Hoc|Any CPU.ActiveCfg = Ad-Hoc|iPhone
		{C4A69FA2-6480-43CE-A9A9-D1B96261CCE8}.Ad-Hoc|Any CPU.Build.0 = Ad-Hoc|iPhone
		{C4A69FA2-6480-43CE-A9A9-D1B96261CCE8}.Ad-Hoc|Any CPU.Deploy.0 = Ad-Hoc|iPhone
		{C4A69FA2-6480-43CE-A9A9-D1B96261CCE8}.Ad-Hoc|iPhone.ActiveCfg = Ad-Hoc|iPhone
		{C4A69FA2-6480-43CE-A9A9-D1B96261CCE8}.Ad-Hoc|iPhone.Build.0 = Ad-Hoc|iPhone
		{C4A69FA2-6480-43CE-A9A9-D1B96261CCE8}.Ad-Hoc|iPhone.Deploy.0 = Ad-Hoc|iPhone
		{C4A69FA2-6480-43CE-A9A9-D1B96261CCE8}.Ad-Hoc|iPhoneSimulator.ActiveCfg = Ad-Hoc|iPhoneSimulator
		{C4A69FA2-6480-43CE-A9A9-D1B96261CCE8}.Ad-Hoc|iPhoneSimulator.Build.0 = Ad-Hoc|iPhoneSimulator
		{C4A69FA2-6480-43CE-A9A9-D1B96261CCE8}.Ad-Hoc|iPhoneSimulator.Deploy.0 = Ad-Hoc|iPhoneSimulator
		{C4A69FA2-6480-43CE-A9A9-D1B96261CCE8}.AppStore|Any CPU.ActiveCfg = AppStore|iPhone
		{C4A69FA2-6480-43CE-A9A9-D1B96261CCE8}.AppStore|Any CPU.Build.0 = AppStore|iPhone
		{C4A69FA2-6480-43CE-A9A9-D1B96261CCE8}.AppStore|Any CPU.Deploy.0 = AppStore|iPhone
		{C4A69FA2-6480-43CE-A9A9-D1B96261CCE8}.AppStore|iPhone.ActiveCfg = AppStore|iPhone
		{C4A69FA2-6480-43CE-A9A9-D1B96261CCE8}.AppStore|iPhone.Build.0 = AppStore|iPhone
		{C4A69FA2-6480-43CE-A9A9-D1B96261CCE8}.AppStore|iPhone.Deploy.0 = AppStore|iPhone
		{C4A69FA2-6480-43CE-A9A9-D1B96261CCE8}.AppStore|iPhoneSimulator.ActiveCfg = AppStore|iPhoneSimulator
		{C4A69FA2-6480-43CE-A9A9-D1B96261CCE8}.AppStore|iPhoneSimulator.Build.0 = AppStore|iPhoneSimulator
		{C4A69FA2-6480-43CE-A9A9-D1B96261CCE8}.AppStore|iPhoneSimulator.Deploy.0 = AppStore|iPhoneSimulator
		{C4A69FA2-6480-43CE-A9A9-D1B96261CCE8}.Debug|Any CPU.ActiveCfg = Debug|iPhoneSimulator
		{C4A69FA2-6480-43CE-A9A9-D1B96261CCE8}.Debug|Any CPU.Build.0 = Debug|iPhoneSimulator
		{C4A69FA2-6480-43CE-A9A9-D1B96261CCE8}.Debug|Any CPU.Deploy.0 = Debug|iPhoneSimulator
		{C4A69FA2-6480-43CE-A9A9-D1B96261CCE8}.Debug|iPhone.ActiveCfg = Debug|iPhone
		{C4A69FA2-6480-43CE-A9A9-D1B96261CCE8}.Debug|iPhone.Build.0 = Debug|iPhone
		{C4A69FA2-6480-43CE-A9A9-D1B96261CCE8}.Debug|iPhone.Deploy.0 = Debug|iPhone
		{C4A69FA2-6480-43CE-A9A9-D1B96261CCE8}.Debug|iPhoneSimulator.ActiveCfg = Debug|iPhoneSimulator
		{C4A69FA2-6480-43CE-A9A9-D1B96261CCE8}.Debug|iPhoneSimulator.Build.0 = Debug|iPhoneSimulator
		{C4A69FA2-6480-43CE-A9A9-D1B96261CCE8}.Debug|iPhoneSimulator.Deploy.0 = Debug|iPhoneSimulator
		{C4A69FA2-6480-43CE-A9A9-D1B96261CCE8}.Release|Any CPU.ActiveCfg = Release|iPhone
		{C4A69FA2-6480-43CE-A9A9-D1B96261CCE8}.Release|Any CPU.Build.0 = Release|iPhone
		{C4A69FA2-6480-43CE-A9A9-D1B96261CCE8}.Release|Any CPU.Deploy.0 = Release|iPhone
		{C4A69FA2-6480-43CE-A9A9-D1B96261CCE8}.Release|iPhone.ActiveCfg = Release|iPhone
		{C4A69FA2-6480-43CE-A9A9-D1B96261CCE8}.Release|iPhone.Build.0 = Release|iPhone
		{C4A69FA2-6480-43CE-A9A9-D1B96261CCE8}.Release|iPhone.Deploy.0 = Release|iPhone
		{C4A69FA2-6480-43CE-A9A9-D1B96261CCE8}.Release|iPhoneSimulator.ActiveCfg = Release|iPhoneSimulator
		{C4A69FA2-6480-43CE-A9A9-D1B96261CCE8}.Release|iPhoneSimulator.Build.0 = Release|iPhoneSimulator
		{C4A69FA2-6480-43CE-A9A9-D1B96261CCE8}.Release|iPhoneSimulator.Deploy.0 = Release|iPhoneSimulator
		{D8360682-6123-46EB-AAD1-900BB267D137}.Ad-Hoc|Any CPU.ActiveCfg = Debug|Any CPU
		{D8360682-6123-46EB-AAD1-900BB267D137}.Ad-Hoc|Any CPU.Build.0 = Debug|Any CPU
		{D8360682-6123-46EB-AAD1-900BB267D137}.Ad-Hoc|Any CPU.Deploy.0 = Debug|Any CPU
		{D8360682-6123-46EB-AAD1-900BB267D137}.Ad-Hoc|iPhone.ActiveCfg = Debug|Any CPU
		{D8360682-6123-46EB-AAD1-900BB267D137}.Ad-Hoc|iPhone.Build.0 = Debug|Any CPU
		{D8360682-6123-46EB-AAD1-900BB267D137}.Ad-Hoc|iPhone.Deploy.0 = Debug|Any CPU
		{D8360682-6123-46EB-AAD1-900BB267D137}.Ad-Hoc|iPhoneSimulator.ActiveCfg = Debug|Any CPU
		{D8360682-6123-46EB-AAD1-900BB267D137}.Ad-Hoc|iPhoneSimulator.Build.0 = Debug|Any CPU
		{D8360682-6123-46EB-AAD1-900BB267D137}.Ad-Hoc|iPhoneSimulator.Deploy.0 = Debug|Any CPU
		{D8360682-6123-46EB-AAD1-900BB267D137}.AppStore|Any CPU.ActiveCfg = Debug|Any CPU
		{D8360682-6123-46EB-AAD1-900BB267D137}.AppStore|Any CPU.Build.0 = Debug|Any CPU
		{D8360682-6123-46EB-AAD1-900BB267D137}.AppStore|Any CPU.Deploy.0 = Debug|Any CPU
		{D8360682-6123-46EB-AAD1-900BB267D137}.AppStore|iPhone.ActiveCfg = Debug|Any CPU
		{D8360682-6123-46EB-AAD1-900BB267D137}.AppStore|iPhone.Build.0 = Debug|Any CPU
		{D8360682-6123-46EB-AAD1-900BB267D137}.AppStore|iPhone.Deploy.0 = Debug|Any CPU
		{D8360682-6123-46EB-AAD1-900BB267D137}.AppStore|iPhoneSimulator.ActiveCfg = Debug|Any CPU
		{D8360682-6123-46EB-AAD1-900BB267D137}.AppStore|iPhoneSimulator.Build.0 = Debug|Any CPU
		{D8360682-6123-46EB-AAD1-900BB267D137}.AppStore|iPhoneSimulator.Deploy.0 = Debug|Any CPU
		{D8360682-6123-46EB-AAD1-900BB267D137}.Debug|Any CPU.ActiveCfg = Debug|Any CPU
		{D8360682-6123-46EB-AAD1-900BB267D137}.Debug|Any CPU.Build.0 = Debug|Any CPU
		{D8360682-6123-46EB-AAD1-900BB267D137}.Debug|Any CPU.Deploy.0 = Debug|Any CPU
		{D8360682-6123-46EB-AAD1-900BB267D137}.Debug|iPhone.ActiveCfg = Debug|Any CPU
		{D8360682-6123-46EB-AAD1-900BB267D137}.Debug|iPhone.Build.0 = Debug|Any CPU
		{D8360682-6123-46EB-AAD1-900BB267D137}.Debug|iPhone.Deploy.0 = Debug|Any CPU
		{D8360682-6123-46EB-AAD1-900BB267D137}.Debug|iPhoneSimulator.ActiveCfg = Debug|Any CPU
		{D8360682-6123-46EB-AAD1-900BB267D137}.Debug|iPhoneSimulator.Build.0 = Debug|Any CPU
		{D8360682-6123-46EB-AAD1-900BB267D137}.Debug|iPhoneSimulator.Deploy.0 = Debug|Any CPU
		{D8360682-6123-46EB-AAD1-900BB267D137}.Release|Any CPU.ActiveCfg = Release|Any CPU
		{D8360682-6123-46EB-AAD1-900BB267D137}.Release|Any CPU.Build.0 = Release|Any CPU
		{D8360682-6123-46EB-AAD1-900BB267D137}.Release|Any CPU.Deploy.0 = Release|Any CPU
		{D8360682-6123-46EB-AAD1-900BB267D137}.Release|iPhone.ActiveCfg = Release|Any CPU
		{D8360682-6123-46EB-AAD1-900BB267D137}.Release|iPhone.Build.0 = Release|Any CPU
		{D8360682-6123-46EB-AAD1-900BB267D137}.Release|iPhone.Deploy.0 = Release|Any CPU
		{D8360682-6123-46EB-AAD1-900BB267D137}.Release|iPhoneSimulator.ActiveCfg = Release|Any CPU
		{D8360682-6123-46EB-AAD1-900BB267D137}.Release|iPhoneSimulator.Build.0 = Release|Any CPU
		{D8360682-6123-46EB-AAD1-900BB267D137}.Release|iPhoneSimulator.Deploy.0 = Release|Any CPU
	EndGlobalSection
	GlobalSection(SolutionProperties) = preSolution
		HideSolutionNode = FALSE
	EndGlobalSection
	GlobalSection(ExtensibilityGlobals) = postSolution
		SolutionGuid = {3D32D1E7-5771-4EC0-BBF8-574640D138C8}
	EndGlobalSection
EndGlobal
